
Microsoft Visual Studio Solution File, Format Version 12.00
# Visual Studio Version 17
VisualStudioVersion = 17.1.32328.378
MinimumVisualStudioVersion = 10.0.40219.1
Project("{FAE04EC0-301F-11D3-BF4B-00C04F79EFBC}") = "Ex03.GarageLogic", "Ex03.GarageLogic\Ex03.GarageLogic.csproj", "{380B524E-9C19-4E61-8C9F-2484C91AB14C}"
EndProject
Project("{FAE04EC0-301F-11D3-BF4B-00C04F79EFBC}") = "Ex03.ConsoleUI", "Ex03.ConsoleUI\Ex03.ConsoleUI.csproj", "{03421E39-E9FB-4180-AAEF-3DE1C283BFD8}"
EndProject
Global
	GlobalSection(SolutionConfigurationPlatforms) = preSolution
		Debug|Any CPU = Debug|Any CPU
		Release|Any CPU = Release|Any CPU
	EndGlobalSection
	GlobalSection(ProjectConfigurationPlatforms) = postSolution
		{380B524E-9C19-4E61-8C9F-2484C91AB14C}.Debug|Any CPU.ActiveCfg = Debug|Any CPU
		{380B524E-9C19-4E61-8C9F-2484C91AB14C}.Debug|Any CPU.Build.0 = Debug|Any CPU
		{380B524E-9C19-4E61-8C9F-2484C91AB14C}.Release|Any CPU.ActiveCfg = Release|Any CPU
		{380B524E-9C19-4E61-8C9F-2484C91AB14C}.Release|Any CPU.Build.0 = Release|Any CPU
		{03421E39-E9FB-4180-AAEF-3DE1C283BFD8}.Debug|Any CPU.ActiveCfg = Debug|Any CPU
		{03421E39-E9FB-4180-AAEF-3DE1C283BFD8}.Debug|Any CPU.Build.0 = Debug|Any CPU
		{03421E39-E9FB-4180-AAEF-3DE1C283BFD8}.Release|Any CPU.ActiveCfg = Release|Any CPU
		{03421E39-E9FB-4180-AAEF-3DE1C283BFD8}.Release|Any CPU.Build.0 = Release|Any CPU
	EndGlobalSection
	GlobalSection(SolutionProperties) = preSolution
		HideSolutionNode = FALSE
	EndGlobalSection
	GlobalSection(ExtensibilityGlobals) = postSolution
		SolutionGuid = {56182E0C-08D8-4AED-AB2E-59BE0683ACED}
	EndGlobalSection
EndGlobal
